
Microsoft Visual Studio Solution File, Format Version 12.00
# Visual Studio Version 17
VisualStudioVersion = 17.9.34728.123
MinimumVisualStudioVersion = 10.0.40219.1
Project("{FAE04EC0-301F-11D3-BF4B-00C04F79EFBC}") = "WpfApp10", "WpfApp10\WpfApp10.csproj", "{C2015DD9-763D-415B-A608-F20DB992911C}"
EndProject
Global
	GlobalSection(SolutionConfigurationPlatforms) = preSolution
		Debug|Any CPU = Debug|Any CPU
		Release|Any CPU = Release|Any CPU
	EndGlobalSection
	GlobalSection(ProjectConfigurationPlatforms) = postSolution
		{C2015DD9-763D-415B-A608-F20DB992911C}.Debug|Any CPU.ActiveCfg = Debug|Any CPU
		{C2015DD9-763D-415B-A608-F20DB992911C}.Debug|Any CPU.Build.0 = Debug|Any CPU
		{C2015DD9-763D-415B-A608-F20DB992911C}.Release|Any CPU.ActiveCfg = Release|Any CPU
		{C2015DD9-763D-415B-A608-F20DB992911C}.Release|Any CPU.Build.0 = Release|Any CPU
	EndGlobalSection
	GlobalSection(SolutionProperties) = preSolution
		HideSolutionNode = FALSE
	EndGlobalSection
	GlobalSection(ExtensibilityGlobals) = postSolution
		SolutionGuid = {C521032B-5159-4162-AD02-8A0CED8E07EC}
	EndGlobalSection
EndGlobal
